
Microsoft Visual Studio Solution File, Format Version 12.00
# Visual Studio Version 16
VisualStudioVersion = 16.0.30907.101
MinimumVisualStudioVersion = 10.0.40219.1
Project("{9A19103F-16F7-4668-BE54-9A1E7A4F7556}") = "KampIntro", "KampIntro\KampIntro.csproj", "{B51EE6AD-B8D6-45D5-A490-93EB701C9407}"
EndProject
Project("{9A19103F-16F7-4668-BE54-9A1E7A4F7556}") = "ClassIntro", "ClassIntro\ClassIntro.csproj", "{F81ACE49-78E9-4566-871E-D22168BAD7A8}"
EndProject
Project("{FAE04EC0-301F-11D3-BF4B-00C04F79EFBC}") = "Metotlar", "Metotlar\Metotlar.csproj", "{8C9CAAE4-A81B-4CA4-82E3-8E1CB78B2098}"
EndProject
Project("{FAE04EC0-301F-11D3-BF4B-00C04F79EFBC}") = "Matematik", "Matematik\Matematik.csproj", "{C23BD239-54B8-41E4-96B4-46B673D2B8F6}"
EndProject
Project("{FAE04EC0-301F-11D3-BF4B-00C04F79EFBC}") = "DegerVeReferansTipler", "DegerVeReferansTipler\DegerVeReferansTipler.csproj", "{0AF03A59-B20F-49D9-92B9-92CAE4AA1C50}"
EndProject
Global
	GlobalSection(SolutionConfigurationPlatforms) = preSolution
		Debug|Any CPU = Debug|Any CPU
		Release|Any CPU = Release|Any CPU
	EndGlobalSection
	GlobalSection(ProjectConfigurationPlatforms) = postSolution
		{B51EE6AD-B8D6-45D5-A490-93EB701C9407}.Debug|Any CPU.ActiveCfg = Debug|Any CPU
		{B51EE6AD-B8D6-45D5-A490-93EB701C9407}.Debug|Any CPU.Build.0 = Debug|Any CPU
		{B51EE6AD-B8D6-45D5-A490-93EB701C9407}.Release|Any CPU.ActiveCfg = Release|Any CPU
		{B51EE6AD-B8D6-45D5-A490-93EB701C9407}.Release|Any CPU.Build.0 = Release|Any CPU
		{F81ACE49-78E9-4566-871E-D22168BAD7A8}.Debug|Any CPU.ActiveCfg = Debug|Any CPU
		{F81ACE49-78E9-4566-871E-D22168BAD7A8}.Debug|Any CPU.Build.0 = Debug|Any CPU
		{F81ACE49-78E9-4566-871E-D22168BAD7A8}.Release|Any CPU.ActiveCfg = Release|Any CPU
		{F81ACE49-78E9-4566-871E-D22168BAD7A8}.Release|Any CPU.Build.0 = Release|Any CPU
		{8C9CAAE4-A81B-4CA4-82E3-8E1CB78B2098}.Debug|Any CPU.ActiveCfg = Debug|Any CPU
		{8C9CAAE4-A81B-4CA4-82E3-8E1CB78B2098}.Debug|Any CPU.Build.0 = Debug|Any CPU
		{8C9CAAE4-A81B-4CA4-82E3-8E1CB78B2098}.Release|Any CPU.ActiveCfg = Release|Any CPU
		{8C9CAAE4-A81B-4CA4-82E3-8E1CB78B2098}.Release|Any CPU.Build.0 = Release|Any CPU
		{C23BD239-54B8-41E4-96B4-46B673D2B8F6}.Debug|Any CPU.ActiveCfg = Debug|Any CPU
		{C23BD239-54B8-41E4-96B4-46B673D2B8F6}.Debug|Any CPU.Build.0 = Debug|Any CPU
		{C23BD239-54B8-41E4-96B4-46B673D2B8F6}.Release|Any CPU.ActiveCfg = Release|Any CPU
		{C23BD239-54B8-41E4-96B4-46B673D2B8F6}.Release|Any CPU.Build.0 = Release|Any CPU
		{0AF03A59-B20F-49D9-92B9-92CAE4AA1C50}.Debug|Any CPU.ActiveCfg = Debug|Any CPU
		{0AF03A59-B20F-49D9-92B9-92CAE4AA1C50}.Debug|Any CPU.Build.0 = Debug|Any CPU
		{0AF03A59-B20F-49D9-92B9-92CAE4AA1C50}.Release|Any CPU.ActiveCfg = Release|Any CPU
		{0AF03A59-B20F-49D9-92B9-92CAE4AA1C50}.Release|Any CPU.Build.0 = Release|Any CPU
	EndGlobalSection
	GlobalSection(SolutionProperties) = preSolution
		HideSolutionNode = FALSE
	EndGlobalSection
	GlobalSection(ExtensibilityGlobals) = postSolution
		SolutionGuid = {A3A9A491-B41C-4C84-B1BA-2AAE7F3EA0D7}
	EndGlobalSection
EndGlobal
